
Microsoft Visual Studio Solution File, Format Version 12.00
# Visual Studio Version 17
VisualStudioVersion = 17.11.35312.102
MinimumVisualStudioVersion = 10.0.40219.1
Project("{FAE04EC0-301F-11D3-BF4B-00C04F79EFBC}") = "Lab1", "Lab1\Lab1.csproj", "{DCC3C47C-E71C-4106-A0EF-99531B652744}"
EndProject
Global
	GlobalSection(SolutionConfigurationPlatforms) = preSolution
		Debug|Any CPU = Debug|Any CPU
		Release|Any CPU = Release|Any CPU
	EndGlobalSection
	GlobalSection(ProjectConfigurationPlatforms) = postSolution
		{DCC3C47C-E71C-4106-A0EF-99531B652744}.Debug|Any CPU.ActiveCfg = Debug|Any CPU
		{DCC3C47C-E71C-4106-A0EF-99531B652744}.Debug|Any CPU.Build.0 = Debug|Any CPU
		{DCC3C47C-E71C-4106-A0EF-99531B652744}.Release|Any CPU.ActiveCfg = Release|Any CPU
		{DCC3C47C-E71C-4106-A0EF-99531B652744}.Release|Any CPU.Build.0 = Release|Any CPU
	EndGlobalSection
	GlobalSection(SolutionProperties) = preSolution
		HideSolutionNode = FALSE
	EndGlobalSection
	GlobalSection(ExtensibilityGlobals) = postSolution
		SolutionGuid = {39100792-96EE-4797-AFC3-309B78177D95}
	EndGlobalSection
EndGlobal
